
Microsoft Visual Studio Solution File, Format Version 12.00
# Visual Studio Version 17
VisualStudioVersion = 17.6.33829.357
MinimumVisualStudioVersion = 10.0.40219.1
Project("{FAE04EC0-301F-11D3-BF4B-00C04F79EFBC}") = "BasicSelect", "BasicSelect\BasicSelect.csproj", "{F27A2F9E-0DC8-4EF9-B758-6860C68A7ED3}"
EndProject
Global
	GlobalSection(SolutionConfigurationPlatforms) = preSolution
		Debug|Any CPU = Debug|Any CPU
		Release|Any CPU = Release|Any CPU
	EndGlobalSection
	GlobalSection(ProjectConfigurationPlatforms) = postSolution
		{F27A2F9E-0DC8-4EF9-B758-6860C68A7ED3}.Debug|Any CPU.ActiveCfg = Debug|Any CPU
		{F27A2F9E-0DC8-4EF9-B758-6860C68A7ED3}.Debug|Any CPU.Build.0 = Debug|Any CPU
		{F27A2F9E-0DC8-4EF9-B758-6860C68A7ED3}.Release|Any CPU.ActiveCfg = Release|Any CPU
		{F27A2F9E-0DC8-4EF9-B758-6860C68A7ED3}.Release|Any CPU.Build.0 = Release|Any CPU
	EndGlobalSection
	GlobalSection(SolutionProperties) = preSolution
		HideSolutionNode = FALSE
	EndGlobalSection
	GlobalSection(ExtensibilityGlobals) = postSolution
		SolutionGuid = {272292E4-B691-4AF0-8597-24CB0F05FBEF}
	EndGlobalSection
EndGlobal
